
Microsoft Visual Studio Solution File, Format Version 12.00
# Visual Studio Version 17
VisualStudioVersion = 17.0.31903.59
MinimumVisualStudioVersion = 10.0.40219.1
Project("{2150E333-8FDC-42A3-9474-1A3956D46DE8}") = "src", "src", "{DBC5C0E0-415C-49A7-8C84-F039DEDA37B3}"
EndProject
Project("{2150E333-8FDC-42A3-9474-1A3956D46DE8}") = "sim", "sim", "{199D7C45-0AC5-4F33-854C-38893111DD82}"
EndProject
Project("{FAE04EC0-301F-11D3-BF4B-00C04F79EFBC}") = "AirportSim.Sim.Core", "src\sim\core\AirportSim.Sim.Core.csproj", "{EB970FBB-719C-4EF6-A472-04731C4B9837}"
EndProject
Project("{2150E333-8FDC-42A3-9474-1A3956D46DE8}") = "tests", "tests", "{24F65104-E821-402E-BFEE-114E701C9515}"
EndProject
Project("{2150E333-8FDC-42A3-9474-1A3956D46DE8}") = "sim", "sim", "{7832F6F8-EA2B-4E04-BBAF-37A70929900D}"
EndProject
Project("{FAE04EC0-301F-11D3-BF4B-00C04F79EFBC}") = "AirportSim.Sim.Core.Tests", "tests\sim\core\AirportSim.Sim.Core.Tests.csproj", "{4C3EDFB0-07D2-4338-9525-4F877667350D}"
EndProject
Global
	GlobalSection(SolutionConfigurationPlatforms) = preSolution
		Debug|Any CPU = Debug|Any CPU
		Release|Any CPU = Release|Any CPU
	EndGlobalSection
	GlobalSection(SolutionProperties) = preSolution
		HideSolutionNode = FALSE
	EndGlobalSection
	GlobalSection(ProjectConfigurationPlatforms) = postSolution
		{EB970FBB-719C-4EF6-A472-04731C4B9837}.Debug|Any CPU.ActiveCfg = Debug|Any CPU
		{EB970FBB-719C-4EF6-A472-04731C4B9837}.Debug|Any CPU.Build.0 = Debug|Any CPU
		{EB970FBB-719C-4EF6-A472-04731C4B9837}.Release|Any CPU.ActiveCfg = Release|Any CPU
		{EB970FBB-719C-4EF6-A472-04731C4B9837}.Release|Any CPU.Build.0 = Release|Any CPU
		{4C3EDFB0-07D2-4338-9525-4F877667350D}.Debug|Any CPU.ActiveCfg = Debug|Any CPU
		{4C3EDFB0-07D2-4338-9525-4F877667350D}.Debug|Any CPU.Build.0 = Debug|Any CPU
		{4C3EDFB0-07D2-4338-9525-4F877667350D}.Release|Any CPU.ActiveCfg = Release|Any CPU
		{4C3EDFB0-07D2-4338-9525-4F877667350D}.Release|Any CPU.Build.0 = Release|Any CPU
	EndGlobalSection
	GlobalSection(NestedProjects) = preSolution
		{199D7C45-0AC5-4F33-854C-38893111DD82} = {DBC5C0E0-415C-49A7-8C84-F039DEDA37B3}
		{EB970FBB-719C-4EF6-A472-04731C4B9837} = {199D7C45-0AC5-4F33-854C-38893111DD82}
		{7832F6F8-EA2B-4E04-BBAF-37A70929900D} = {24F65104-E821-402E-BFEE-114E701C9515}
		{4C3EDFB0-07D2-4338-9525-4F877667350D} = {7832F6F8-EA2B-4E04-BBAF-37A70929900D}
	EndGlobalSection
EndGlobal
